dependencies:
- name: redis
  repository: https://charts.bitnami.com/bitnami
  version: 17.3.7
- name: influxdb2
  repository: https://helm.influxdata.com/
  version: 2.1.1
- name: mongodb
  repository: https://charts.bitnami.com/bitnami
  version: 13.3.0
- name: postgresql
  repository: https://charts.bitnami.com/bitnami
  version: 12.1.0
- name: portal-middleware
  repository: https://pokt-foundation.github.io/charts
  version: 0.0.2
- name: portal-ui-backend
  repository: https://pokt-foundation.github.io/charts
  version: 0.0.1
digest: sha256:c1a9b571b2b7d428d02fa616bd98254d1bf92785d853dc17849dc81c1fa66a88
generated: "2022-11-09T14:26:50.203320836+02:00"
