dependencies:
- name: redis
  repository: https://charts.bitnami.com/bitnami
  version: 17.3.7
- name: influxdb2
  repository: https://helm.influxdata.com/
  version: 2.1.1
- name: mongodb
  repository: https://charts.bitnami.com/bitnami
  version: 13.3.0
digest: sha256:0c67906020baebeef0c4cd744bcb890370af0a10b381aae194cfc6c30cea19d1
generated: "2022-11-02T15:58:16.298072+02:00"
