dependencies:
- name: redis
  repository: https://charts.bitnami.com/bitnami
  version: 17.3.7
- name: influxdb2
  repository: https://helm.influxdata.com/
  version: 2.1.1
- name: mongodb
  repository: https://charts.bitnami.com/bitnami
  version: 13.3.0
- name: postgresql
  repository: https://charts.bitnami.com/bitnami
  version: 12.1.0
digest: sha256:c9d6e1b6e963535d86ede95b253570dc8f9e3abd2cad0413bd4ec596f031f385
generated: "2022-11-04T12:15:47.327702835+02:00"
